
Microsoft Visual Studio Solution File, Format Version 12.00
# Visual Studio Version 17
VisualStudioVersion = 17.9.34607.119
MinimumVisualStudioVersion = 10.0.40219.1
Project("{9A19103F-16F7-4668-BE54-9A1E7A4F7556}") = "SampleRestAPI", "SampleRestAPI.csproj", "{BD626E2A-D0D8-4878-B17F-F582C47E66C0}"
EndProject
Global
	GlobalSection(SolutionConfigurationPlatforms) = preSolution
		Debug|Any CPU = Debug|Any CPU
		Release|Any CPU = Release|Any CPU
	EndGlobalSection
	GlobalSection(ProjectConfigurationPlatforms) = postSolution
		{BD626E2A-D0D8-4878-B17F-F582C47E66C0}.Debug|Any CPU.ActiveCfg = Debug|Any CPU
		{BD626E2A-D0D8-4878-B17F-F582C47E66C0}.Debug|Any CPU.Build.0 = Debug|Any CPU
		{BD626E2A-D0D8-4878-B17F-F582C47E66C0}.Release|Any CPU.ActiveCfg = Release|Any CPU
		{BD626E2A-D0D8-4878-B17F-F582C47E66C0}.Release|Any CPU.Build.0 = Release|Any CPU
	EndGlobalSection
	GlobalSection(SolutionProperties) = preSolution
		HideSolutionNode = FALSE
	EndGlobalSection
	GlobalSection(ExtensibilityGlobals) = postSolution
		SolutionGuid = {9B568096-C6AE-433D-869B-70AA86E6D95B}
	EndGlobalSection
EndGlobal
